{
	"name": "@notectl/core",
	"version": "2.0.1",
	"lockfileVersion": 3,
	"requires": true,
	"packages": {
		"": {
			"name": "@notectl/core",
			"version": "2.0.1",
			"license": "MIT",
			"dependencies": {
				"dompurify": "^3.3.2"
			},
			"devDependencies": {
				"@size-limit/preset-small-lib": "^12.0.0",
				"happy-dom": "^20.7.0",
				"rollup-plugin-visualizer": "^5.14.0",
				"size-limit": "^12.0.0",
				"terser": "^5.46.0",
				"vite": "^7.3.1",
				"vite-plugin-dts": "^4.5.4",
				"vitest": "^4.0.18"
			}
		},
		"../../node_modules/.pnpm/@rollup+plugin-terser@0.4.4_rollup@4.57.1/node_modules/@rollup/plugin-terser": {
			"version": "0.4.4",
			"extraneous": true,
			"license": "MIT",
			"dependencies": {
				"serialize-javascript": "^6.0.1",
				"smob": "^1.0.0",
				"terser": "^5.17.4"
			},
			"devDependencies": {
				"@types/serialize-javascript": "^5.0.2",
				"rollup": "^4.0.0-24",
				"typescript": "^4.8.3"
			},
			"engines": {
				"node": ">=14.0.0"
			},
			"peerDependencies": {
				"rollup": "^2.0.0||^3.0.0||^4.0.0"
			},
			"peerDependenciesMeta": {
				"rollup": {
					"optional": true
				}
			}
		},
		"../../node_modules/.pnpm/@size-limit+preset-small-lib@12.0.0_size-limit@12.0.0/node_modules/@size-limit/preset-small-lib": {
			"version": "12.0.0",
			"dev": true,
			"license": "MIT",
			"dependencies": {
				"@size-limit/esbuild": "12.0.0",
				"@size-limit/file": "12.0.0",
				"size-limit": "12.0.0"
			},
			"peerDependencies": {
				"size-limit": "12.0.0"
			}
		},
		"../../node_modules/.pnpm/size-limit@12.0.0/node_modules/size-limit": {
			"version": "12.0.0",
			"dev": true,
			"license": "MIT",
			"dependencies": {
				"bytes-iec": "^3.1.1",
				"lilconfig": "^3.1.3",
				"nanospinner": "^1.2.2",
				"picocolors": "^1.1.1",
				"tinyglobby": "^0.2.15"
			},
			"bin": {
				"size-limit": "bin.js"
			},
			"devDependencies": {
				"@size-limit/esbuild": "workspace:*",
				"@size-limit/file": "workspace:*",
				"@size-limit/webpack": "workspace:*"
			},
			"engines": {
				"node": "^20.0.0 || ^22.0.0 || >=24.0.0"
			},
			"peerDependencies": {
				"jiti": "^2.0.0"
			},
			"peerDependenciesMeta": {
				"jiti": {
					"optional": true
				}
			}
		},
		"../../node_modules/.pnpm/vite-plugin-dts@4.5.4_@types+node@25.2.3_rollup@4.57.1_typescript@5.9.3_vite@7.3.1_@types+nod_fyvesppywmuyww3f4ueymntky4/node_modules/vite-plugin-dts": {
			"version": "4.5.4",
			"dev": true,
			"license": "MIT",
			"dependencies": {
				"@microsoft/api-extractor": "^7.50.1",
				"@rollup/pluginutils": "^5.1.4",
				"@volar/typescript": "^2.4.11",
				"@vue/language-core": "2.2.0",
				"compare-versions": "^6.1.1",
				"debug": "^4.4.0",
				"kolorist": "^1.8.0",
				"local-pkg": "^1.0.0",
				"magic-string": "^0.30.17"
			},
			"devDependencies": {
				"@commitlint/cli": "^19.7.1",
				"@types/debug": "^4.1.12",
				"@types/minimist": "^1.2.5",
				"@types/node": "^22.13.5",
				"@types/prompts": "^2.4.9",
				"@types/semver": "^7.5.8",
				"@vexip-ui/commitlint-config": "^0.5.0",
				"@vexip-ui/eslint-config": "^0.12.1",
				"@vexip-ui/prettier-config": "^1.0.0",
				"@vexip-ui/scripts": "^1.2.0",
				"@vue/eslint-config-standard": "^8.0.1",
				"@vue/eslint-config-typescript": "^13.0.0",
				"conventional-changelog-cli": "^5.0.0",
				"eslint": "^8.57.0",
				"execa": "^9.5.2",
				"husky": "^9.1.7",
				"is-ci": "^4.1.0",
				"lint-staged": "^15.4.3",
				"minimist": "^1.2.8",
				"pinst": "^3.0.0",
				"prettier": "^3.5.2",
				"pretty-quick": "^4.0.0",
				"prompts": "^2.4.2",
				"rimraf": "^6.0.1",
				"semver": "^7.7.1",
				"tsx": "^4.19.3",
				"typescript": "5.7.3",
				"unbuild": "^3.3.1",
				"vite": "^6.2.0",
				"vitest": "^3.0.7"
			},
			"peerDependencies": {
				"typescript": "*",
				"vite": "*"
			},
			"peerDependenciesMeta": {
				"vite": {
					"optional": true
				}
			}
		},
		"../../node_modules/.pnpm/vite@7.3.1_@types+node@25.2.3_less@4.5.1_sass@1.97.1_terser@5.46.0/node_modules/vite": {
			"version": "7.3.1",
			"dev": true,
			"license": "MIT",
			"dependencies": {
				"esbuild": "^0.27.0",
				"fdir": "^6.5.0",
				"picomatch": "^4.0.3",
				"postcss": "^8.5.6",
				"rollup": "^4.43.0",
				"tinyglobby": "^0.2.15"
			},
			"bin": {
				"vite": "bin/vite.js"
			},
			"devDependencies": {
				"@babel/parser": "^7.28.5",
				"@jridgewell/remapping": "^2.3.5",
				"@jridgewell/trace-mapping": "^0.3.31",
				"@oxc-project/types": "0.95.0",
				"@polka/compression": "^1.0.0-next.25",
				"@rolldown/pluginutils": "^1.0.0-beta.52",
				"@rollup/plugin-alias": "^5.1.1",
				"@rollup/plugin-commonjs": "^29.0.0",
				"@rollup/plugin-dynamic-import-vars": "2.1.4",
				"@rollup/pluginutils": "^5.3.0",
				"@types/escape-html": "^1.0.4",
				"@types/pnpapi": "^0.0.5",
				"artichokie": "^0.4.2",
				"baseline-browser-mapping": "^2.8.32",
				"cac": "^6.7.14",
				"chokidar": "^3.6.0",
				"connect": "^3.7.0",
				"convert-source-map": "^2.0.0",
				"cors": "^2.8.5",
				"cross-spawn": "^7.0.6",
				"dotenv": "^17.2.3",
				"dotenv-expand": "^12.0.3",
				"es-module-lexer": "^1.7.0",
				"escape-html": "^1.0.3",
				"estree-walker": "^3.0.3",
				"etag": "^1.8.1",
				"host-validation-middleware": "^0.1.2",
				"http-proxy-3": "^1.22.0",
				"launch-editor-middleware": "^2.12.0",
				"lightningcss": "^1.30.2",
				"magic-string": "^0.30.21",
				"mlly": "^1.8.0",
				"mrmime": "^2.0.1",
				"nanoid": "^5.1.6",
				"obug": "^1.0.2",
				"open": "^10.2.0",
				"parse5": "^8.0.0",
				"pathe": "^2.0.3",
				"periscopic": "^4.0.2",
				"picocolors": "^1.1.1",
				"postcss-import": "^16.1.1",
				"postcss-load-config": "^6.0.1",
				"postcss-modules": "^6.0.1",
				"premove": "^4.0.0",
				"resolve.exports": "^2.0.3",
				"rolldown": "^1.0.0-beta.52",
				"rolldown-plugin-dts": "^0.18.1",
				"rollup-plugin-license": "^3.6.0",
				"sass": "^1.94.2",
				"sass-embedded": "^1.93.3",
				"sirv": "^3.0.2",
				"strip-literal": "^3.1.0",
				"terser": "^5.44.1",
				"tsconfck": "^3.1.6",
				"ufo": "^1.6.1",
				"ws": "^8.18.3"
			},
			"engines": {
				"node": "^20.19.0 || >=22.12.0"
			},
			"funding": {
				"url": "https://github.com/vitejs/vite?sponsor=1"
			},
			"optionalDependencies": {
				"fsevents": "~2.3.3"
			},
			"peerDependencies": {
				"@types/node": "^20.19.0 || >=22.12.0",
				"jiti": ">=1.21.0",
				"less": "^4.0.0",
				"lightningcss": "^1.21.0",
				"sass": "^1.70.0",
				"sass-embedded": "^1.70.0",
				"stylus": ">=0.54.8",
				"sugarss": "^5.0.0",
				"terser": "^5.16.0",
				"tsx": "^4.8.1",
				"yaml": "^2.4.2"
			},
			"peerDependenciesMeta": {
				"@types/node": {
					"optional": true
				},
				"jiti": {
					"optional": true
				},
				"less": {
					"optional": true
				},
				"lightningcss": {
					"optional": true
				},
				"sass": {
					"optional": true
				},
				"sass-embedded": {
					"optional": true
				},
				"stylus": {
					"optional": true
				},
				"sugarss": {
					"optional": true
				},
				"terser": {
					"optional": true
				},
				"tsx": {
					"optional": true
				},
				"yaml": {
					"optional": true
				}
			}
		},
		"../../node_modules/.pnpm/vitest@4.0.18_@types+node@25.2.3_happy-dom@20.6.3_jsdom@28.1.0_less@4.5.1_sass@1.97.1_terser@5.46.0/node_modules/vitest": {
			"version": "4.0.18",
			"dev": true,
			"license": "MIT",
			"dependencies": {
				"@vitest/expect": "4.0.18",
				"@vitest/mocker": "4.0.18",
				"@vitest/pretty-format": "4.0.18",
				"@vitest/runner": "4.0.18",
				"@vitest/snapshot": "4.0.18",
				"@vitest/spy": "4.0.18",
				"@vitest/utils": "4.0.18",
				"es-module-lexer": "^1.7.0",
				"expect-type": "^1.2.2",
				"magic-string": "^0.30.21",
				"obug": "^2.1.1",
				"pathe": "^2.0.3",
				"picomatch": "^4.0.3",
				"std-env": "^3.10.0",
				"tinybench": "^2.9.0",
				"tinyexec": "^1.0.2",
				"tinyglobby": "^0.2.15",
				"tinyrainbow": "^3.0.3",
				"vite": "^6.0.0 || ^7.0.0",
				"why-is-node-running": "^2.3.0"
			},
			"bin": {
				"vitest": "vitest.mjs"
			},
			"devDependencies": {
				"@antfu/install-pkg": "^1.1.0",
				"@edge-runtime/vm": "^5.0.0",
				"@jridgewell/trace-mapping": "0.3.31",
				"@opentelemetry/api": "^1.9.0",
				"@sinonjs/fake-timers": "14.0.0",
				"@types/estree": "^1.0.8",
				"@types/istanbul-lib-coverage": "^2.0.6",
				"@types/istanbul-reports": "^3.0.4",
				"@types/jsdom": "^27.0.0",
				"@types/node": "^24.10.1",
				"@types/picomatch": "^4.0.2",
				"@types/prompts": "^2.4.9",
				"@types/sinonjs__fake-timers": "^8.1.5",
				"acorn-walk": "^8.3.4",
				"birpc": "^4.0.0",
				"cac": "^6.7.14",
				"empathic": "^2.0.0",
				"flatted": "^3.3.3",
				"happy-dom": "^20.0.11",
				"jsdom": "^27.2.0",
				"local-pkg": "^1.1.2",
				"mime": "^4.1.0",
				"prompts": "^2.4.2",
				"strip-literal": "^3.1.0",
				"ws": "^8.18.3"
			},
			"engines": {
				"node": "^20.0.0 || ^22.0.0 || >=24.0.0"
			},
			"funding": {
				"url": "https://opencollective.com/vitest"
			},
			"peerDependencies": {
				"@edge-runtime/vm": "*",
				"@opentelemetry/api": "^1.9.0",
				"@types/node": "^20.0.0 || ^22.0.0 || >=24.0.0",
				"@vitest/browser-playwright": "4.0.18",
				"@vitest/browser-preview": "4.0.18",
				"@vitest/browser-webdriverio": "4.0.18",
				"@vitest/ui": "4.0.18",
				"happy-dom": "*",
				"jsdom": "*"
			},
			"peerDependenciesMeta": {
				"@edge-runtime/vm": {
					"optional": true
				},
				"@opentelemetry/api": {
					"optional": true
				},
				"@types/node": {
					"optional": true
				},
				"@vitest/browser-playwright": {
					"optional": true
				},
				"@vitest/browser-preview": {
					"optional": true
				},
				"@vitest/browser-webdriverio": {
					"optional": true
				},
				"@vitest/ui": {
					"optional": true
				},
				"happy-dom": {
					"optional": true
				},
				"jsdom": {
					"optional": true
				}
			}
		},
		"node_modules/@jridgewell/gen-mapping": {
			"version": "0.3.13",
			"resolved": "https://registry.npmjs.org/@jridgewell/gen-mapping/-/gen-mapping-0.3.13.tgz",
			"integrity": "sha512-2kkt/7niJ6MgEPxF0bYdQ6etZaA+fQvDcLKckhy1yIQOzaoKjBBjSj63/aLVjYE3qhRt5dvM+uUyfCg6UKCBbA==",
			"dev": true,
			"license": "MIT",
			"dependencies": {
				"@jridgewell/sourcemap-codec": "^1.5.0",
				"@jridgewell/trace-mapping": "^0.3.24"
			}
		},
		"node_modules/@jridgewell/resolve-uri": {
			"version": "3.1.2",
			"resolved": "https://registry.npmjs.org/@jridgewell/resolve-uri/-/resolve-uri-3.1.2.tgz",
			"integrity": "sha512-bRISgCIjP20/tbWSPWMEi54QVPRZExkuD9lJL+UIxUKtwVJA8wW1Trb1jMs1RFXo1CBTNZ/5hpC9QvmKWdopKw==",
			"dev": true,
			"license": "MIT",
			"engines": {
				"node": ">=6.0.0"
			}
		},
		"node_modules/@jridgewell/source-map": {
			"version": "0.3.11",
			"resolved": "https://registry.npmjs.org/@jridgewell/source-map/-/source-map-0.3.11.tgz",
			"integrity": "sha512-ZMp1V8ZFcPG5dIWnQLr3NSI1MiCU7UETdS/A0G8V/XWHvJv3ZsFqutJn1Y5RPmAPX6F3BiE397OqveU/9NCuIA==",
			"dev": true,
			"license": "MIT",
			"dependencies": {
				"@jridgewell/gen-mapping": "^0.3.5",
				"@jridgewell/trace-mapping": "^0.3.25"
			}
		},
		"node_modules/@jridgewell/sourcemap-codec": {
			"version": "1.5.5",
			"resolved": "https://registry.npmjs.org/@jridgewell/sourcemap-codec/-/sourcemap-codec-1.5.5.tgz",
			"integrity": "sha512-cYQ9310grqxueWbl+WuIUIaiUaDcj7WOq5fVhEljNVgRfOUhY9fy2zTvfoqWsnebh8Sl70VScFbICvJnLKB0Og==",
			"dev": true,
			"license": "MIT"
		},
		"node_modules/@jridgewell/trace-mapping": {
			"version": "0.3.31",
			"resolved": "https://registry.npmjs.org/@jridgewell/trace-mapping/-/trace-mapping-0.3.31.tgz",
			"integrity": "sha512-zzNR+SdQSDJzc8joaeP8QQoCQr8NuYx2dIIytl1QeBEZHJ9uW6hebsrYgbz8hJwUQao3TWCMtmfV8Nu1twOLAw==",
			"dev": true,
			"license": "MIT",
			"dependencies": {
				"@jridgewell/resolve-uri": "^3.1.0",
				"@jridgewell/sourcemap-codec": "^1.4.14"
			}
		},
		"node_modules/@size-limit/preset-small-lib": {
			"resolved": "../../node_modules/.pnpm/@size-limit+preset-small-lib@12.0.0_size-limit@12.0.0/node_modules/@size-limit/preset-small-lib",
			"link": true
		},
		"node_modules/@types/node": {
			"version": "25.3.0",
			"resolved": "https://registry.npmjs.org/@types/node/-/node-25.3.0.tgz",
			"integrity": "sha512-4K3bqJpXpqfg2XKGK9bpDTc6xO/xoUP/RBWS7AtRMug6zZFaRekiLzjVtAoZMquxoAbzBvy5nxQ7veS5eYzf8A==",
			"dev": true,
			"license": "MIT",
			"dependencies": {
				"undici-types": "~7.18.0"
			}
		},
		"node_modules/@types/trusted-types": {
			"version": "2.0.7",
			"resolved": "https://registry.npmjs.org/@types/trusted-types/-/trusted-types-2.0.7.tgz",
			"integrity": "sha512-ScaPdn1dQczgbl0QFTeTOmVHFULt394XJgOQNoyVhZ6r2vLnMLJfBPd53SB52T/3G36VI1/g2MZaX0cwDuXsfw==",
			"license": "MIT",
			"optional": true
		},
		"node_modules/@types/whatwg-mimetype": {
			"version": "3.0.2",
			"resolved": "https://registry.npmjs.org/@types/whatwg-mimetype/-/whatwg-mimetype-3.0.2.tgz",
			"integrity": "sha512-c2AKvDT8ToxLIOUlN51gTiHXflsfIFisS4pO7pDPoKouJCESkhZnEy623gwP9laCy5lnLDAw1vAzu2vM2YLOrA==",
			"dev": true,
			"license": "MIT"
		},
		"node_modules/@types/ws": {
			"version": "8.18.1",
			"resolved": "https://registry.npmjs.org/@types/ws/-/ws-8.18.1.tgz",
			"integrity": "sha512-ThVF6DCVhA8kUGy+aazFQ4kXQ7E1Ty7A3ypFOe0IcJV8O/M511G99AW24irKrW56Wt44yG9+ij8FaqoBGkuBXg==",
			"dev": true,
			"license": "MIT",
			"dependencies": {
				"@types/node": "*"
			}
		},
		"node_modules/acorn": {
			"version": "8.16.0",
			"resolved": "https://registry.npmjs.org/acorn/-/acorn-8.16.0.tgz",
			"integrity": "sha512-UVJyE9MttOsBQIDKw1skb9nAwQuR5wuGD3+82K6JgJlm/Y+KI92oNsMNGZCYdDsVtRHSak0pcV5Dno5+4jh9sw==",
			"dev": true,
			"license": "MIT",
			"bin": {
				"acorn": "bin/acorn"
			},
			"engines": {
				"node": ">=0.4.0"
			}
		},
		"node_modules/ansi-regex": {
			"version": "5.0.1",
			"resolved": "https://registry.npmjs.org/ansi-regex/-/ansi-regex-5.0.1.tgz",
			"integrity": "sha512-quJQXlTSUGL2LH9SUXo8VwsY4soanhgo6LNSm84E1LBcE8s3O0wpdiRzyR9z/ZZJMlMWv37qOOb9pdJlMUEKFQ==",
			"dev": true,
			"license": "MIT",
			"engines": {
				"node": ">=8"
			}
		},
		"node_modules/ansi-styles": {
			"version": "4.3.0",
			"resolved": "https://registry.npmjs.org/ansi-styles/-/ansi-styles-4.3.0.tgz",
			"integrity": "sha512-zbB9rCJAT1rbjiVDb2hqKFHNYLxgtk8NURxZ3IZwD3F6NtxbXZQCnnSi1Lkx+IDohdPlFp222wVALIheZJQSEg==",
			"dev": true,
			"license": "MIT",
			"dependencies": {
				"color-convert": "^2.0.1"
			},
			"engines": {
				"node": ">=8"
			},
			"funding": {
				"url": "https://github.com/chalk/ansi-styles?sponsor=1"
			}
		},
		"node_modules/buffer-from": {
			"version": "1.1.2",
			"resolved": "https://registry.npmjs.org/buffer-from/-/buffer-from-1.1.2.tgz",
			"integrity": "sha512-E+XQCRwSbaaiChtv6k6Dwgc+bx+Bs6vuKJHHl5kox/BaKbhiXzqQOwK4cO22yElGp2OCmjwVhT3HmxgyPGnJfQ==",
			"dev": true,
			"license": "MIT"
		},
		"node_modules/cliui": {
			"version": "8.0.1",
			"resolved": "https://registry.npmjs.org/cliui/-/cliui-8.0.1.tgz",
			"integrity": "sha512-BSeNnyus75C4//NQ9gQt1/csTXyo/8Sb+afLAkzAptFuMsod9HFokGNudZpi/oQV73hnVK+sR+5PVRMd+Dr7YQ==",
			"dev": true,
			"license": "ISC",
			"dependencies": {
				"string-width": "^4.2.0",
				"strip-ansi": "^6.0.1",
				"wrap-ansi": "^7.0.0"
			},
			"engines": {
				"node": ">=12"
			}
		},
		"node_modules/color-convert": {
			"version": "2.0.1",
			"resolved": "https://registry.npmjs.org/color-convert/-/color-convert-2.0.1.tgz",
			"integrity": "sha512-RRECPsj7iu/xb5oKYcsFHSppFNnsj/52OVTRKb4zP5onXwVF3zVmmToNcOfGC+CRDpfK/U584fMg38ZHCaElKQ==",
			"dev": true,
			"license": "MIT",
			"dependencies": {
				"color-name": "~1.1.4"
			},
			"engines": {
				"node": ">=7.0.0"
			}
		},
		"node_modules/color-name": {
			"version": "1.1.4",
			"resolved": "https://registry.npmjs.org/color-name/-/color-name-1.1.4.tgz",
			"integrity": "sha512-dOy+3AuW3a2wNbZHIuMZpTcgjGuLU/uBL/ubcZF9OXbDo8ff4O8yVp5Bf0efS8uEoYo5q4Fx7dY9OgQGXgAsQA==",
			"dev": true,
			"license": "MIT"
		},
		"node_modules/commander": {
			"version": "2.20.3",
			"resolved": "https://registry.npmjs.org/commander/-/commander-2.20.3.tgz",
			"integrity": "sha512-GpVkmM8vF2vQUkj2LvZmD35JxeJOLCwJ9cUkugyk2nuhbv3+mJvpLYYt+0+USMxE+oj+ey/lJEnhZw75x/OMcQ==",
			"dev": true,
			"license": "MIT"
		},
		"node_modules/define-lazy-prop": {
			"version": "2.0.0",
			"resolved": "https://registry.npmjs.org/define-lazy-prop/-/define-lazy-prop-2.0.0.tgz",
			"integrity": "sha512-Ds09qNh8yw3khSjiJjiUInaGX9xlqZDY7JVryGxdxV7NPeuqQfplOpQ66yJFZut3jLa5zOwkXw1g9EI2uKh4Og==",
			"dev": true,
			"license": "MIT",
			"engines": {
				"node": ">=8"
			}
		},
		"node_modules/dompurify": {
			"version": "3.3.2",
			"resolved": "https://registry.npmjs.org/dompurify/-/dompurify-3.3.2.tgz",
			"integrity": "sha512-6obghkliLdmKa56xdbLOpUZ43pAR6xFy1uOrxBaIDjT+yaRuuybLjGS9eVBoSR/UPU5fq3OXClEHLJNGvbxKpQ==",
			"license": "(MPL-2.0 OR Apache-2.0)",
			"engines": {
				"node": ">=20"
			},
			"optionalDependencies": {
				"@types/trusted-types": "^2.0.7"
			}
		},
		"node_modules/emoji-regex": {
			"version": "8.0.0",
			"resolved": "https://registry.npmjs.org/emoji-regex/-/emoji-regex-8.0.0.tgz",
			"integrity": "sha512-MSjYzcWNOA0ewAHpz0MxpYFvwg6yjy1NG3xteoqz644VCo/RPgnr1/GGt+ic3iJTzQ8Eu3TdM14SawnVUmGE6A==",
			"dev": true,
			"license": "MIT"
		},
		"node_modules/entities": {
			"version": "7.0.1",
			"resolved": "https://registry.npmjs.org/entities/-/entities-7.0.1.tgz",
			"integrity": "sha512-TWrgLOFUQTH994YUyl1yT4uyavY5nNB5muff+RtWaqNVCAK408b5ZnnbNAUEWLTCpum9w6arT70i1XdQ4UeOPA==",
			"dev": true,
			"license": "BSD-2-Clause",
			"engines": {
				"node": ">=0.12"
			},
			"funding": {
				"url": "https://github.com/fb55/entities?sponsor=1"
			}
		},
		"node_modules/escalade": {
			"version": "3.2.0",
			"resolved": "https://registry.npmjs.org/escalade/-/escalade-3.2.0.tgz",
			"integrity": "sha512-WUj2qlxaQtO4g6Pq5c29GTcWGDyd8itL8zTlipgECz3JesAiiOKotd8JU6otB3PACgG6xkJUyVhboMS+bje/jA==",
			"dev": true,
			"license": "MIT",
			"engines": {
				"node": ">=6"
			}
		},
		"node_modules/get-caller-file": {
			"version": "2.0.5",
			"resolved": "https://registry.npmjs.org/get-caller-file/-/get-caller-file-2.0.5.tgz",
			"integrity": "sha512-DyFP3BM/3YHTQOCUL/w0OZHR0lpKeGrxotcHWcqNEdnltqFwXVfhEBQ94eIo34AfQpo0rGki4cyIiftY06h2Fg==",
			"dev": true,
			"license": "ISC",
			"engines": {
				"node": "6.* || 8.* || >= 10.*"
			}
		},
		"node_modules/happy-dom": {
			"version": "20.7.0",
			"resolved": "https://registry.npmjs.org/happy-dom/-/happy-dom-20.7.0.tgz",
			"integrity": "sha512-hR/uLYQdngTyEfxnOoa+e6KTcfBFyc1hgFj/Cc144A5JJUuHFYqIEBDcD4FeGqUeKLRZqJ9eN9u7/GDjYEgS1g==",
			"dev": true,
			"license": "MIT",
			"dependencies": {
				"@types/node": ">=20.0.0",
				"@types/whatwg-mimetype": "^3.0.2",
				"@types/ws": "^8.18.1",
				"entities": "^7.0.1",
				"whatwg-mimetype": "^3.0.0",
				"ws": "^8.18.3"
			},
			"engines": {
				"node": ">=20.0.0"
			}
		},
		"node_modules/is-docker": {
			"version": "2.2.1",
			"resolved": "https://registry.npmjs.org/is-docker/-/is-docker-2.2.1.tgz",
			"integrity": "sha512-F+i2BKsFrH66iaUFc0woD8sLy8getkwTwtOBjvs56Cx4CgJDeKQeqfz8wAYiSb8JOprWhHH5p77PbmYCvvUuXQ==",
			"dev": true,
			"license": "MIT",
			"bin": {
				"is-docker": "cli.js"
			},
			"engines": {
				"node": ">=8"
			},
			"funding": {
				"url": "https://github.com/sponsors/sindresorhus"
			}
		},
		"node_modules/is-fullwidth-code-point": {
			"version": "3.0.0",
			"resolved": "https://registry.npmjs.org/is-fullwidth-code-point/-/is-fullwidth-code-point-3.0.0.tgz",
			"integrity": "sha512-zymm5+u+sCsSWyD9qNaejV3DFvhCKclKdizYaJUuHA83RLjb7nSuGnddCHGv0hk+KY7BMAlsWeK4Ueg6EV6XQg==",
			"dev": true,
			"license": "MIT",
			"engines": {
				"node": ">=8"
			}
		},
		"node_modules/is-wsl": {
			"version": "2.2.0",
			"resolved": "https://registry.npmjs.org/is-wsl/-/is-wsl-2.2.0.tgz",
			"integrity": "sha512-fKzAra0rGJUUBwGBgNkHZuToZcn+TtXHpeCgmkMJMMYx1sQDYaCSyjJBSCa2nH1DGm7s3n1oBnohoVTBaN7Lww==",
			"dev": true,
			"license": "MIT",
			"dependencies": {
				"is-docker": "^2.0.0"
			},
			"engines": {
				"node": ">=8"
			}
		},
		"node_modules/open": {
			"version": "8.4.2",
			"resolved": "https://registry.npmjs.org/open/-/open-8.4.2.tgz",
			"integrity": "sha512-7x81NCL719oNbsq/3mh+hVrAWmFuEYUqrq/Iw3kUzH8ReypT9QQ0BLoJS7/G9k6N81XjW4qHWtjWwe/9eLy1EQ==",
			"dev": true,
			"license": "MIT",
			"dependencies": {
				"define-lazy-prop": "^2.0.0",
				"is-docker": "^2.1.1",
				"is-wsl": "^2.2.0"
			},
			"engines": {
				"node": ">=12"
			},
			"funding": {
				"url": "https://github.com/sponsors/sindresorhus"
			}
		},
		"node_modules/picomatch": {
			"version": "4.0.3",
			"resolved": "https://registry.npmjs.org/picomatch/-/picomatch-4.0.3.tgz",
			"integrity": "sha512-5gTmgEY/sqK6gFXLIsQNH19lWb4ebPDLA4SdLP7dsWkIXHWlG66oPuVvXSGFPppYZz8ZDZq0dYYrbHfBCVUb1Q==",
			"dev": true,
			"license": "MIT",
			"engines": {
				"node": ">=12"
			},
			"funding": {
				"url": "https://github.com/sponsors/jonschlinkert"
			}
		},
		"node_modules/require-directory": {
			"version": "2.1.1",
			"resolved": "https://registry.npmjs.org/require-directory/-/require-directory-2.1.1.tgz",
			"integrity": "sha512-fGxEI7+wsG9xrvdjsrlmL22OMTTiHRwAMroiEeMgq8gzoLC/PQr7RsRDSTLUg/bZAZtF+TVIkHc6/4RIKrui+Q==",
			"dev": true,
			"license": "MIT",
			"engines": {
				"node": ">=0.10.0"
			}
		},
		"node_modules/rollup-plugin-visualizer": {
			"version": "5.14.0",
			"resolved": "https://registry.npmjs.org/rollup-plugin-visualizer/-/rollup-plugin-visualizer-5.14.0.tgz",
			"integrity": "sha512-VlDXneTDaKsHIw8yzJAFWtrzguoJ/LnQ+lMpoVfYJ3jJF4Ihe5oYLAqLklIK/35lgUY+1yEzCkHyZ1j4A5w5fA==",
			"dev": true,
			"license": "MIT",
			"dependencies": {
				"open": "^8.4.0",
				"picomatch": "^4.0.2",
				"source-map": "^0.7.4",
				"yargs": "^17.5.1"
			},
			"bin": {
				"rollup-plugin-visualizer": "dist/bin/cli.js"
			},
			"engines": {
				"node": ">=18"
			},
			"peerDependencies": {
				"rolldown": "1.x",
				"rollup": "2.x || 3.x || 4.x"
			},
			"peerDependenciesMeta": {
				"rolldown": {
					"optional": true
				},
				"rollup": {
					"optional": true
				}
			}
		},
		"node_modules/size-limit": {
			"resolved": "../../node_modules/.pnpm/size-limit@12.0.0/node_modules/size-limit",
			"link": true
		},
		"node_modules/source-map": {
			"version": "0.7.6",
			"resolved": "https://registry.npmjs.org/source-map/-/source-map-0.7.6.tgz",
			"integrity": "sha512-i5uvt8C3ikiWeNZSVZNWcfZPItFQOsYTUAOkcUPGd8DqDy1uOUikjt5dG+uRlwyvR108Fb9DOd4GvXfT0N2/uQ==",
			"dev": true,
			"license": "BSD-3-Clause",
			"engines": {
				"node": ">= 12"
			}
		},
		"node_modules/source-map-support": {
			"version": "0.5.21",
			"resolved": "https://registry.npmjs.org/source-map-support/-/source-map-support-0.5.21.tgz",
			"integrity": "sha512-uBHU3L3czsIyYXKX88fdrGovxdSCoTGDRZ6SYXtSRxLZUzHg5P/66Ht6uoUlHu9EZod+inXhKo3qQgwXUT/y1w==",
			"dev": true,
			"license": "MIT",
			"dependencies": {
				"buffer-from": "^1.0.0",
				"source-map": "^0.6.0"
			}
		},
		"node_modules/source-map-support/node_modules/source-map": {
			"version": "0.6.1",
			"resolved": "https://registry.npmjs.org/source-map/-/source-map-0.6.1.tgz",
			"integrity": "sha512-UjgapumWlbMhkBgzT7Ykc5YXUT46F0iKu8SGXq0bcwP5dz/h0Plj6enJqjz1Zbq2l5WaqYnrVbwWOWMyF3F47g==",
			"dev": true,
			"license": "BSD-3-Clause",
			"engines": {
				"node": ">=0.10.0"
			}
		},
		"node_modules/string-width": {
			"version": "4.2.3",
			"resolved": "https://registry.npmjs.org/string-width/-/string-width-4.2.3.tgz",
			"integrity": "sha512-wKyQRQpjJ0sIp62ErSZdGsjMJWsap5oRNihHhu6G7JVO/9jIB6UyevL+tXuOqrng8j/cxKTWyWUwvSTriiZz/g==",
			"dev": true,
			"license": "MIT",
			"dependencies": {
				"emoji-regex": "^8.0.0",
				"is-fullwidth-code-point": "^3.0.0",
				"strip-ansi": "^6.0.1"
			},
			"engines": {
				"node": ">=8"
			}
		},
		"node_modules/strip-ansi": {
			"version": "6.0.1",
			"resolved": "https://registry.npmjs.org/strip-ansi/-/strip-ansi-6.0.1.tgz",
			"integrity": "sha512-Y38VPSHcqkFrCpFnQ9vuSXmquuv5oXOKpGeT6aGrr3o3Gc9AlVa6JBfUSOCnbxGGZF+/0ooI7KrPuUSztUdU5A==",
			"dev": true,
			"license": "MIT",
			"dependencies": {
				"ansi-regex": "^5.0.1"
			},
			"engines": {
				"node": ">=8"
			}
		},
		"node_modules/terser": {
			"version": "5.46.0",
			"resolved": "https://registry.npmjs.org/terser/-/terser-5.46.0.tgz",
			"integrity": "sha512-jTwoImyr/QbOWFFso3YoU3ik0jBBDJ6JTOQiy/J2YxVJdZCc+5u7skhNwiOR3FQIygFqVUPHl7qbbxtjW2K3Qg==",
			"dev": true,
			"license": "BSD-2-Clause",
			"dependencies": {
				"@jridgewell/source-map": "^0.3.3",
				"acorn": "^8.15.0",
				"commander": "^2.20.0",
				"source-map-support": "~0.5.20"
			},
			"bin": {
				"terser": "bin/terser"
			},
			"engines": {
				"node": ">=10"
			}
		},
		"node_modules/undici-types": {
			"version": "7.18.2",
			"resolved": "https://registry.npmjs.org/undici-types/-/undici-types-7.18.2.tgz",
			"integrity": "sha512-AsuCzffGHJybSaRrmr5eHr81mwJU3kjw6M+uprWvCXiNeN9SOGwQ3Jn8jb8m3Z6izVgknn1R0FTCEAP2QrLY/w==",
			"dev": true,
			"license": "MIT"
		},
		"node_modules/vite": {
			"resolved": "../../node_modules/.pnpm/vite@7.3.1_@types+node@25.2.3_less@4.5.1_sass@1.97.1_terser@5.46.0/node_modules/vite",
			"link": true
		},
		"node_modules/vite-plugin-dts": {
			"resolved": "../../node_modules/.pnpm/vite-plugin-dts@4.5.4_@types+node@25.2.3_rollup@4.57.1_typescript@5.9.3_vite@7.3.1_@types+nod_fyvesppywmuyww3f4ueymntky4/node_modules/vite-plugin-dts",
			"link": true
		},
		"node_modules/vitest": {
			"resolved": "../../node_modules/.pnpm/vitest@4.0.18_@types+node@25.2.3_happy-dom@20.6.3_jsdom@28.1.0_less@4.5.1_sass@1.97.1_terser@5.46.0/node_modules/vitest",
			"link": true
		},
		"node_modules/whatwg-mimetype": {
			"version": "3.0.0",
			"resolved": "https://registry.npmjs.org/whatwg-mimetype/-/whatwg-mimetype-3.0.0.tgz",
			"integrity": "sha512-nt+N2dzIutVRxARx1nghPKGv1xHikU7HKdfafKkLNLindmPU/ch3U31NOCGGA/dmPcmb1VlofO0vnKAcsm0o/Q==",
			"dev": true,
			"license": "MIT",
			"engines": {
				"node": ">=12"
			}
		},
		"node_modules/wrap-ansi": {
			"version": "7.0.0",
			"resolved": "https://registry.npmjs.org/wrap-ansi/-/wrap-ansi-7.0.0.tgz",
			"integrity": "sha512-YVGIj2kamLSTxw6NsZjoBxfSwsn0ycdesmc4p+Q21c5zPuZ1pl+NfxVdxPtdHvmNVOQ6XSYG4AUtyt/Fi7D16Q==",
			"dev": true,
			"license": "MIT",
			"dependencies": {
				"ansi-styles": "^4.0.0",
				"string-width": "^4.1.0",
				"strip-ansi": "^6.0.0"
			},
			"engines": {
				"node": ">=10"
			},
			"funding": {
				"url": "https://github.com/chalk/wrap-ansi?sponsor=1"
			}
		},
		"node_modules/ws": {
			"version": "8.19.0",
			"resolved": "https://registry.npmjs.org/ws/-/ws-8.19.0.tgz",
			"integrity": "sha512-blAT2mjOEIi0ZzruJfIhb3nps74PRWTCz1IjglWEEpQl5XS/UNama6u2/rjFkDDouqr4L67ry+1aGIALViWjDg==",
			"dev": true,
			"license": "MIT",
			"engines": {
				"node": ">=10.0.0"
			},
			"peerDependencies": {
				"bufferutil": "^4.0.1",
				"utf-8-validate": ">=5.0.2"
			},
			"peerDependenciesMeta": {
				"bufferutil": {
					"optional": true
				},
				"utf-8-validate": {
					"optional": true
				}
			}
		},
		"node_modules/y18n": {
			"version": "5.0.8",
			"resolved": "https://registry.npmjs.org/y18n/-/y18n-5.0.8.tgz",
			"integrity": "sha512-0pfFzegeDWJHJIAmTLRP2DwHjdF5s7jo9tuztdQxAhINCdvS+3nGINqPd00AphqJR/0LhANUS6/+7SCb98YOfA==",
			"dev": true,
			"license": "ISC",
			"engines": {
				"node": ">=10"
			}
		},
		"node_modules/yargs": {
			"version": "17.7.2",
			"resolved": "https://registry.npmjs.org/yargs/-/yargs-17.7.2.tgz",
			"integrity": "sha512-7dSzzRQ++CKnNI/krKnYRV7JKKPUXMEh61soaHKg9mrWEhzFWhFnxPxGl+69cD1Ou63C13NUPCnmIcrvqCuM6w==",
			"dev": true,
			"license": "MIT",
			"dependencies": {
				"cliui": "^8.0.1",
				"escalade": "^3.1.1",
				"get-caller-file": "^2.0.5",
				"require-directory": "^2.1.1",
				"string-width": "^4.2.3",
				"y18n": "^5.0.5",
				"yargs-parser": "^21.1.1"
			},
			"engines": {
				"node": ">=12"
			}
		},
		"node_modules/yargs-parser": {
			"version": "21.1.1",
			"resolved": "https://registry.npmjs.org/yargs-parser/-/yargs-parser-21.1.1.tgz",
			"integrity": "sha512-tVpsJW7DdjecAiFpbIB1e3qxIQsE6NoPc5/eTdrbbIC4h0LVsWhnoa3g+m2HclBIujHzsxZ4VJVA+GUuc2/LBw==",
			"dev": true,
			"license": "ISC",
			"engines": {
				"node": ">=12"
			}
		}
	}
}
